
Microsoft Visual Studio Solution File, Format Version 12.00
# Visual Studio Version 16
VisualStudioVersion = 16.0.30611.23
MinimumVisualStudioVersion = 10.0.40219.1
Project("{FAE04EC0-301F-11D3-BF4B-00C04F79EFBC}") = "Fdlmobile.Android", "Fdlmobile\Fdlmobile.Android\Fdlmobile.Android.csproj", "{852C630E-D819-44F8-92BD-2D74BC1A9097}"
EndProject
Project("{FAE04EC0-301F-11D3-BF4B-00C04F79EFBC}") = "Fdlmobile.iOS", "Fdlmobile\Fdlmobile.iOS\Fdlmobile.iOS.csproj", "{B24589BC-AFE5-4560-9C4A-6608168B5C14}"
EndProject
Project("{FAE04EC0-301F-11D3-BF4B-00C04F79EFBC}") = "Fdlmobile", "Fdlmobile\Fdlmobile\Fdlmobile.csproj", "{FFE864C4-12C1-4314-9CE8-13BD16BDF5E1}"
EndProject
Global
	GlobalSection(SolutionConfigurationPlatforms) = preSolution
		Debug|Any CPU = Debug|Any CPU
		Debug|iPhone = Debug|iPhone
		Debug|iPhoneSimulator = Debug|iPhoneSimulator
		Release|Any CPU = Release|Any CPU
		Release|iPhone = Release|iPhone
		Release|iPhoneSimulator = Release|iPhoneSimulator
	EndGlobalSection
	GlobalSection(ProjectConfigurationPlatforms) = postSolution
		{852C630E-D819-44F8-92BD-2D74BC1A9097}.Debug|Any CPU.ActiveCfg = Debug|Any CPU
		{852C630E-D819-44F8-92BD-2D74BC1A9097}.Debug|Any CPU.Build.0 = Debug|Any CPU
		{852C630E-D819-44F8-92BD-2D74BC1A9097}.Debug|Any CPU.Deploy.0 = Debug|Any CPU
		{852C630E-D819-44F8-92BD-2D74BC1A9097}.Debug|iPhone.ActiveCfg = Debug|Any CPU
		{852C630E-D819-44F8-92BD-2D74BC1A9097}.Debug|iPhone.Build.0 = Debug|Any CPU
		{852C630E-D819-44F8-92BD-2D74BC1A9097}.Debug|iPhone.Deploy.0 = Debug|Any CPU
		{852C630E-D819-44F8-92BD-2D74BC1A9097}.Debug|iPhoneSimulator.ActiveCfg = Debug|Any CPU
		{852C630E-D819-44F8-92BD-2D74BC1A9097}.Debug|iPhoneSimulator.Build.0 = Debug|Any CPU
		{852C630E-D819-44F8-92BD-2D74BC1A9097}.Debug|iPhoneSimulator.Deploy.0 = Debug|Any CPU
		{852C630E-D819-44F8-92BD-2D74BC1A9097}.Release|Any CPU.ActiveCfg = Release|Any CPU
		{852C630E-D819-44F8-92BD-2D74BC1A9097}.Release|Any CPU.Build.0 = Release|Any CPU
		{852C630E-D819-44F8-92BD-2D74BC1A9097}.Release|Any CPU.Deploy.0 = Release|Any CPU
		{852C630E-D819-44F8-92BD-2D74BC1A9097}.Release|iPhone.ActiveCfg = Release|Any CPU
		{852C630E-D819-44F8-92BD-2D74BC1A9097}.Release|iPhone.Build.0 = Release|Any CPU
		{852C630E-D819-44F8-92BD-2D74BC1A9097}.Release|iPhone.Deploy.0 = Release|Any CPU
		{852C630E-D819-44F8-92BD-2D74BC1A9097}.Release|iPhoneSimulator.ActiveCfg = Release|Any CPU
		{852C630E-D819-44F8-92BD-2D74BC1A9097}.Release|iPhoneSimulator.Build.0 = Release|Any CPU
		{852C630E-D819-44F8-92BD-2D74BC1A9097}.Release|iPhoneSimulator.Deploy.0 = Release|Any CPU
		{B24589BC-AFE5-4560-9C4A-6608168B5C14}.Debug|Any CPU.ActiveCfg = Debug|iPhone
		{B24589BC-AFE5-4560-9C4A-6608168B5C14}.Debug|Any CPU.Build.0 = Debug|iPhone
		{B24589BC-AFE5-4560-9C4A-6608168B5C14}.Debug|Any CPU.Deploy.0 = Debug|iPhone
		{B24589BC-AFE5-4560-9C4A-6608168B5C14}.Debug|iPhone.ActiveCfg = Debug|iPhone
		{B24589BC-AFE5-4560-9C4A-6608168B5C14}.Debug|iPhone.Build.0 = Debug|iPhone
		{B24589BC-AFE5-4560-9C4A-6608168B5C14}.Debug|iPhone.Deploy.0 = Debug|iPhone
		{B24589BC-AFE5-4560-9C4A-6608168B5C14}.Debug|iPhoneSimulator.ActiveCfg = Debug|iPhoneSimulator
		{B24589BC-AFE5-4560-9C4A-6608168B5C14}.Debug|iPhoneSimulator.Build.0 = Debug|iPhoneSimulator
		{B24589BC-AFE5-4560-9C4A-6608168B5C14}.Debug|iPhoneSimulator.Deploy.0 = Debug|iPhoneSimulator
		{B24589BC-AFE5-4560-9C4A-6608168B5C14}.Release|Any CPU.ActiveCfg = Release|iPhoneSimulator
		{B24589BC-AFE5-4560-9C4A-6608168B5C14}.Release|Any CPU.Build.0 = Release|iPhoneSimulator
		{B24589BC-AFE5-4560-9C4A-6608168B5C14}.Release|Any CPU.Deploy.0 = Release|iPhoneSimulator
		{B24589BC-AFE5-4560-9C4A-6608168B5C14}.Release|iPhone.ActiveCfg = Release|iPhone
		{B24589BC-AFE5-4560-9C4A-6608168B5C14}.Release|iPhone.Build.0 = Release|iPhone
		{B24589BC-AFE5-4560-9C4A-6608168B5C14}.Release|iPhone.Deploy.0 = Release|iPhone
		{B24589BC-AFE5-4560-9C4A-6608168B5C14}.Release|iPhoneSimulator.ActiveCfg = Release|iPhoneSimulator
		{B24589BC-AFE5-4560-9C4A-6608168B5C14}.Release|iPhoneSimulator.Build.0 = Release|iPhoneSimulator
		{B24589BC-AFE5-4560-9C4A-6608168B5C14}.Release|iPhoneSimulator.Deploy.0 = Release|iPhoneSimulator
		{FFE864C4-12C1-4314-9CE8-13BD16BDF5E1}.Debug|Any CPU.ActiveCfg = Debug|Any CPU
		{FFE864C4-12C1-4314-9CE8-13BD16BDF5E1}.Debug|Any CPU.Build.0 = Debug|Any CPU
		{FFE864C4-12C1-4314-9CE8-13BD16BDF5E1}.Debug|Any CPU.Deploy.0 = Debug|Any CPU
		{FFE864C4-12C1-4314-9CE8-13BD16BDF5E1}.Debug|iPhone.ActiveCfg = Debug|Any CPU
		{FFE864C4-12C1-4314-9CE8-13BD16BDF5E1}.Debug|iPhone.Build.0 = Debug|Any CPU
		{FFE864C4-12C1-4314-9CE8-13BD16BDF5E1}.Debug|iPhone.Deploy.0 = Debug|Any CPU
		{FFE864C4-12C1-4314-9CE8-13BD16BDF5E1}.Debug|iPhoneSimulator.ActiveCfg = Debug|Any CPU
		{FFE864C4-12C1-4314-9CE8-13BD16BDF5E1}.Debug|iPhoneSimulator.Build.0 = Debug|Any CPU
		{FFE864C4-12C1-4314-9CE8-13BD16BDF5E1}.Debug|iPhoneSimulator.Deploy.0 = Debug|Any CPU
		{FFE864C4-12C1-4314-9CE8-13BD16BDF5E1}.Release|Any CPU.ActiveCfg = Release|Any CPU
		{FFE864C4-12C1-4314-9CE8-13BD16BDF5E1}.Release|Any CPU.Build.0 = Release|Any CPU
		{FFE864C4-12C1-4314-9CE8-13BD16BDF5E1}.Release|Any CPU.Deploy.0 = Release|Any CPU
		{FFE864C4-12C1-4314-9CE8-13BD16BDF5E1}.Release|iPhone.ActiveCfg = Release|Any CPU
		{FFE864C4-12C1-4314-9CE8-13BD16BDF5E1}.Release|iPhone.Build.0 = Release|Any CPU
		{FFE864C4-12C1-4314-9CE8-13BD16BDF5E1}.Release|iPhone.Deploy.0 = Release|Any CPU
		{FFE864C4-12C1-4314-9CE8-13BD16BDF5E1}.Release|iPhoneSimulator.ActiveCfg = Release|Any CPU
		{FFE864C4-12C1-4314-9CE8-13BD16BDF5E1}.Release|iPhoneSimulator.Build.0 = Release|Any CPU
		{FFE864C4-12C1-4314-9CE8-13BD16BDF5E1}.Release|iPhoneSimulator.Deploy.0 = Release|Any CPU
	EndGlobalSection
	GlobalSection(SolutionProperties) = preSolution
		HideSolutionNode = FALSE
	EndGlobalSection
	GlobalSection(ExtensibilityGlobals) = postSolution
		SolutionGuid = {A5AA1192-B162-467F-9F95-AD88582FECAB}
	EndGlobalSection
EndGlobal
